// !$*UTF8*$!
{
	archiveVersion = 1;
	classes = {
	};
	objectVersion = 50;
	objects = {

/* Begin PBXBuildFile section */
		4189958F27A0429000ADEFA9 /* AppDelegate.swift in Sources */ = {isa = PBXBuildFile; fileRef = 4189958E27A0429000ADEFA9 /* AppDelegate.swift */; };
		4189959127A0429000ADEFA9 /* SceneDelegate.swift in Sources */ = {isa = PBXBuildFile; fileRef = 4189959027A0429000ADEFA9 /* SceneDelegate.swift */; };
		4189959627A0429000ADEFA9 /* Main.storyboard in Resources */ = {isa = PBXBuildFile; fileRef = 4189959427A0429000ADEFA9 /* Main.storyboard */; };
		4189959827A0429200ADEFA9 /* Assets.xcassets in Resources */ = {isa = PBXBuildFile; fileRef = 4189959727A0429200ADEFA9 /* Assets.xcassets */; };
		4189959B27A0429200ADEFA9 /* LaunchScreen.storyboard in Resources */ = {isa = PBXBuildFile; fileRef = 4189959927A0429200ADEFA9 /* LaunchScreen.storyboard */; };
		418995A627A0429200ADEFA9 /* SugoDaiTests.swift in Sources */ = {isa = PBXBuildFile; fileRef = 418995A527A0429200ADEFA9 /* SugoDaiTests.swift */; };
		418995B127A0429200ADEFA9 /* SugoDaiUITests.swift in Sources */ = {isa = PBXBuildFile; fileRef = 418995B027A0429200ADEFA9 /* SugoDaiUITests.swift */; };
		418995BF27A0430F00ADEFA9 /* 選択コマ.png in Resources */ = {isa = PBXBuildFile; fileRef = 418995BE27A0430F00ADEFA9 /* 選択コマ.png */; };
		418995C127A043C400ADEFA9 /* SelectViewController.swift in Sources */ = {isa = PBXBuildFile; fileRef = 418995C027A043C400ADEFA9 /* SelectViewController.swift */; };
		418995C327A136A000ADEFA9 /* PickerViewController.swift in Sources */ = {isa = PBXBuildFile; fileRef = 418995C227A136A000ADEFA9 /* PickerViewController.swift */; };
		418995C527A1482900ADEFA9 /* TimerViewController.swift in Sources */ = {isa = PBXBuildFile; fileRef = 418995C427A1482900ADEFA9 /* TimerViewController.swift */; };
/* End PBXBuildFile section */

/* Begin PBXContainerItemProxy section */
		418995A227A0429200ADEFA9 /* PBXContainerItemProxy */ = {
			isa = PBXContainerItemProxy;
			containerPortal = 4189958327A0429000ADEFA9 /* Project object */;
			proxyType = 1;
			remoteGlobalIDString = 4189958A27A0429000ADEFA9;
			remoteInfo = SugoDai;
		};
		418995AD27A0429200ADEFA9 /* PBXContainerItemProxy */ = {
			isa = PBXContainerItemProxy;
			containerPortal = 4189958327A0429000ADEFA9 /* Project object */;
			proxyType = 1;
			remoteGlobalIDString = 4189958A27A0429000ADEFA9;
			remoteInfo = SugoDai;
		};
/* End PBXContainerItemProxy section */

/* Begin PBXFileReference section */
		4189958B27A0429000ADEFA9 /* SugoDai.app */ = {isa = PBXFileReference; explicitFileType = wrapper.application; includeInIndex = 0; path = SugoDai.app; sourceTree = BUILT_PRODUCTS_DIR; };
		4189958E27A0429000ADEFA9 /* AppDelegate.swift */ = {isa = PBXFileReference; lastKnownFileType = sourcecode.swift; path = AppDelegate.swift; sourceTree = "<group>"; };
		4189959027A0429000ADEFA9 /* SceneDelegate.swift */ = {isa = PBXFileReference; lastKnownFileType = sourcecode.swift; path = SceneDelegate.swift; sourceTree = "<group>"; };
		4189959527A0429000ADEFA9 /* Base */ = {isa = PBXFileReference; lastKnownFileType = file.storyboard; name = Base; path = Base.lproj/Main.storyboard; sourceTree = "<group>"; };
		4189959727A0429200ADEFA9 /* Assets.xcassets */ = {isa = PBXFileReference; lastKnownFileType = folder.assetcatalog; path = Assets.xcassets; sourceTree = "<group>"; };
		4189959A27A0429200ADEFA9 /* Base */ = {isa = PBXFileReference; lastKnownFileType = file.storyboard; name = Base; path = Base.lproj/LaunchScreen.storyboard; sourceTree = "<group>"; };
		4189959C27A0429200ADEFA9 /* Info.plist */ = {isa = PBXFileReference; lastKnownFileType = text.plist.xml; path = Info.plist; sourceTree = "<group>"; };
		418995A127A0429200ADEFA9 /* SugoDaiTests.xctest */ = {isa = PBXFileReference; explicitFileType = wrapper.cfbundle; includeInIndex = 0; path = SugoDaiTests.xctest; sourceTree = BUILT_PRODUCTS_DIR; };
		418995A527A0429200ADEFA9 /* SugoDaiTests.swift */ = {isa = PBXFileReference; lastKnownFileType = sourcecode.swift; path = SugoDaiTests.swift; sourceTree = "<group>"; };
		418995A727A0429200ADEFA9 /* Info.plist */ = {isa = PBXFileReference; lastKnownFileType = text.plist.xml; path = Info.plist; sourceTree = "<group>"; };
		418995AC27A0429200ADEFA9 /* SugoDaiUITests.xctest */ = {isa = PBXFileReference; explicitFileType = wrapper.cfbundle; includeInIndex = 0; path = SugoDaiUITests.xctest; sourceTree = BUILT_PRODUCTS_DIR; };
		418995B027A0429200ADEFA9 /* SugoDaiUITests.swift */ = {isa = PBXFileReference; lastKnownFileType = sourcecode.swift; path = SugoDaiUITests.swift; sourceTree = "<group>"; };
		418995B227A0429200ADEFA9 /* Info.plist */ = {isa = PBXFileReference; lastKnownFileType = text.plist.xml; path = Info.plist; sourceTree = "<group>"; };
		418995BE27A0430F00ADEFA9 /* 選択コマ.png */ = {isa = PBXFileReference; lastKnownFileType = image.png; path = "選択コマ.png"; sourceTree = "<group>"; };
		418995C027A043C400ADEFA9 /* SelectViewController.swift */ = {isa = PBXFileReference; lastKnownFileType = sourcecode.swift; path = SelectViewController.swift; sourceTree = "<group>"; };
		418995C227A136A000ADEFA9 /* PickerViewController.swift */ = {isa = PBXFileReference; lastKnownFileType = sourcecode.swift; path = PickerViewController.swift; sourceTree = "<group>"; };
		418995C427A1482900ADEFA9 /* TimerViewController.swift */ = {isa = PBXFileReference; lastKnownFileType = sourcecode.swift; path = TimerViewController.swift; sourceTree = "<group>"; };
/* End PBXFileReference section */

/* Begin PBXFrameworksBuildPhase section */
		4189958827A0429000ADEFA9 /* Frameworks */ = {
			isa = PBXFrameworksBuildPhase;
			buildActionMask = 2147483647;
			files = (
			);
			runOnlyForDeploymentPostprocessing = 0;
		};
		4189959E27A0429200ADEFA9 /* Frameworks */ = {
			isa = PBXFrameworksBuildPhase;
			buildActionMask = 2147483647;
			files = (
			);
			runOnlyForDeploymentPostprocessing = 0;
		};
		418995A927A0429200ADEFA9 /* Frameworks */ = {
			isa = PBXFrameworksBuildPhase;
			buildActionMask = 2147483647;
			files = (
			);
			runOnlyForDeploymentPostprocessing = 0;
		};
/* End PBXFrameworksBuildPhase section */

/* Begin PBXGroup section */
		4189958227A0429000ADEFA9 = {
			isa = PBXGroup;
			children = (
				418995BE27A0430F00ADEFA9 /* 選択コマ.png */,
				4189958D27A0429000ADEFA9 /* SugoDai */,
				418995A427A0429200ADEFA9 /* SugoDaiTests */,
				418995AF27A0429200ADEFA9 /* SugoDaiUITests */,
				4189958C27A0429000ADEFA9 /* Products */,
			);
			sourceTree = "<group>";
		};
		4189958C27A0429000ADEFA9 /* Products */ = {
			isa = PBXGroup;
			children = (
				4189958B27A0429000ADEFA9 /* SugoDai.app */,
				418995A127A0429200ADEFA9 /* SugoDaiTests.xctest */,
				418995AC27A0429200ADEFA9 /* SugoDaiUITests.xctest */,
			);
			name = Products;
			sourceTree = "<group>";
		};
		4189958D27A0429000ADEFA9 /* SugoDai */ = {
			isa = PBXGroup;
			children = (
				4189958E27A0429000ADEFA9 /* AppDelegate.swift */,
				4189959027A0429000ADEFA9 /* SceneDelegate.swift */,
				4189959427A0429000ADEFA9 /* Main.storyboard */,
				4189959727A0429200ADEFA9 /* Assets.xcassets */,
				4189959927A0429200ADEFA9 /* LaunchScreen.storyboard */,
				4189959C27A0429200ADEFA9 /* Info.plist */,
				418995C027A043C400ADEFA9 /* SelectViewController.swift */,
				418995C227A136A000ADEFA9 /* PickerViewController.swift */,
				418995C427A1482900ADEFA9 /* TimerViewController.swift */,
			);
			path = SugoDai;
			sourceTree = "<group>";
		};
		418995A427A0429200ADEFA9 /* SugoDaiTests */ = {
			isa = PBXGroup;
			children = (
				418995A527A0429200ADEFA9 /* SugoDaiTests.swift */,
				418995A727A0429200ADEFA9 /* Info.plist */,
			);
			path = SugoDaiTests;
			sourceTree = "<group>";
		};
		418995AF27A0429200ADEFA9 /* SugoDaiUITests */ = {
			isa = PBXGroup;
			children = (
				418995B027A0429200ADEFA9 /* SugoDaiUITests.swift */,
				418995B227A0429200ADEFA9 /* Info.plist */,
			);
			path = SugoDaiUITests;
			sourceTree = "<group>";
		};
/* End PBXGroup section */

/* Begin PBXNativeTarget section */
		4189958A27A0429000ADEFA9 /* SugoDai */ = {
			isa = PBXNativeTarget;
			buildConfigurationList = 418995B527A0429200ADEFA9 /* Build configuration list for PBXNativeTarget "SugoDai" */;
			buildPhases = (
				4189958727A0429000ADEFA9 /* Sources */,
				4189958827A0429000ADEFA9 /* Frameworks */,
				4189958927A0429000ADEFA9 /* Resources */,
			);
			buildRules = (
			);
			dependencies = (
			);
			name = SugoDai;
			productName = SugoDai;
			productReference = 4189958B27A0429000ADEFA9 /* SugoDai.app */;
			productType = "com.apple.product-type.application";
		};
		418995A027A0429200ADEFA9 /* SugoDaiTests */ = {
			isa = PBXNativeTarget;
			buildConfigurationList = 418995B827A0429200ADEFA9 /* Build configuration list for PBXNativeTarget "SugoDaiTests" */;
			buildPhases = (
				4189959D27A0429200ADEFA9 /* Sources */,
				4189959E27A0429200ADEFA9 /* Frameworks */,
				4189959F27A0429200ADEFA9 /* Resources */,
			);
			buildRules = (
			);
			dependencies = (
				418995A327A0429200ADEFA9 /* PBXTargetDependency */,
			);
			name = SugoDaiTests;
			productName = SugoDaiTests;
			productReference = 418995A127A0429200ADEFA9 /* SugoDaiTests.xctest */;
			productType = "com.apple.product-type.bundle.unit-test";
		};
		418995AB27A0429200ADEFA9 /* SugoDaiUITests */ = {
			isa = PBXNativeTarget;
			buildConfigurationList = 418995BB27A0429200ADEFA9 /* Build configuration list for PBXNativeTarget "SugoDaiUITests" */;
			buildPhases = (
				418995A827A0429200ADEFA9 /* Sources */,
				418995A927A0429200ADEFA9 /* Frameworks */,
				418995AA27A0429200ADEFA9 /* Resources */,
			);
			buildRules = (
			);
			dependencies = (
				418995AE27A0429200ADEFA9 /* PBXTargetDependency */,
			);
			name = SugoDaiUITests;
			productName = SugoDaiUITests;
			productReference = 418995AC27A0429200ADEFA9 /* SugoDaiUITests.xctest */;
			productType = "com.apple.product-type.bundle.ui-testing";
		};
/* End PBXNativeTarget section */

/* Begin PBXProject section */
		4189958327A0429000ADEFA9 /* Project object */ = {
			isa = PBXProject;
			attributes = {
				LastSwiftUpdateCheck = 1250;
				LastUpgradeCheck = 1250;
				TargetAttributes = {
					4189958A27A0429000ADEFA9 = {
						CreatedOnToolsVersion = 12.5;
					};
					418995A027A0429200ADEFA9 = {
						CreatedOnToolsVersion = 12.5;
						TestTargetID = 4189958A27A0429000ADEFA9;
					};
					418995AB27A0429200ADEFA9 = {
						CreatedOnToolsVersion = 12.5;
						TestTargetID = 4189958A27A0429000ADEFA9;
					};
				};
			};
			buildConfigurationList = 4189958627A0429000ADEFA9 /* Build configuration list for PBXProject "SugoDai" */;
			compatibilityVersion = "Xcode 9.3";
			developmentRegion = en;
			hasScannedForEncodings = 0;
			knownRegions = (
				en,
				Base,
			);
			mainGroup = 4189958227A0429000ADEFA9;
			productRefGroup = 4189958C27A0429000ADEFA9 /* Products */;
			projectDirPath = "";
			projectRoot = "";
			targets = (
				4189958A27A0429000ADEFA9 /* SugoDai */,
				418995A027A0429200ADEFA9 /* SugoDaiTests */,
				418995AB27A0429200ADEFA9 /* SugoDaiUITests */,
			);
		};
/* End PBXProject section */

/* Begin PBXResourcesBuildPhase section */
		4189958927A0429000ADEFA9 /* Resources */ = {
			isa = PBXResourcesBuildPhase;
			buildActionMask = 2147483647;
			files = (
				4189959B27A0429200ADEFA9 /* LaunchScreen.storyboard in Resources */,
				4189959827A0429200ADEFA9 /* Assets.xcassets in Resources */,
				418995BF27A0430F00ADEFA9 /* 選択コマ.png in Resources */,
				4189959627A0429000ADEFA9 /* Main.storyboard in Resources */,
			);
			runOnlyForDeploymentPostprocessing = 0;
		};
		4189959F27A0429200ADEFA9 /* Resources */ = {
			isa = PBXResourcesBuildPhase;
			buildActionMask = 2147483647;
			files = (
			);
			runOnlyForDeploymentPostprocessing = 0;
		};
		418995AA27A0429200ADEFA9 /* Resources */ = {
			isa = PBXResourcesBuildPhase;
			buildActionMask = 2147483647;
			files = (
			);
			runOnlyForDeploymentPostprocessing = 0;
		};
/* End PBXResourcesBuildPhase section */

/* Begin PBXSourcesBuildPhase section */
		4189958727A0429000ADEFA9 /* Sources */ = {
			isa = PBXSourcesBuildPhase;
			buildActionMask = 2147483647;
			files = (
				418995C527A1482900ADEFA9 /* TimerViewController.swift in Sources */,
				4189958F27A0429000ADEFA9 /* AppDelegate.swift in Sources */,
				418995C127A043C400ADEFA9 /* SelectViewController.swift in Sources */,
				418995C327A136A000ADEFA9 /* PickerViewController.swift in Sources */,
				4189959127A0429000ADEFA9 /* SceneDelegate.swift in Sources */,
			);
			runOnlyForDeploymentPostprocessing = 0;
		};
		4189959D27A0429200ADEFA9 /* Sources */ = {
			isa = PBXSourcesBuildPhase;
			buildActionMask = 2147483647;
			files = (
				418995A627A0429200ADEFA9 /* SugoDaiTests.swift in Sources */,
			);
			runOnlyForDeploymentPostprocessing = 0;
		};
		418995A827A0429200ADEFA9 /* Sources */ = {
			isa = PBXSourcesBuildPhase;
			buildActionMask = 2147483647;
			files = (
				418995B127A0429200ADEFA9 /* SugoDaiUITests.swift in Sources */,
			);
			runOnlyForDeploymentPostprocessing = 0;
		};
/* End PBXSourcesBuildPhase section */

/* Begin PBXTargetDependency section */
		418995A327A0429200ADEFA9 /* PBXTargetDependency */ = {
			isa = PBXTargetDependency;
			target = 4189958A27A0429000ADEFA9 /* SugoDai */;
			targetProxy = 418995A227A0429200ADEFA9 /* PBXContainerItemProxy */;
		};
		418995AE27A0429200ADEFA9 /* PBXTargetDependency */ = {
			isa = PBXTargetDependency;
			target = 4189958A27A0429000ADEFA9 /* SugoDai */;
			targetProxy = 418995AD27A0429200ADEFA9 /* PBXContainerItemProxy */;
		};
/* End PBXTargetDependency section */

/* Begin PBXVariantGroup section */
		4189959427A0429000ADEFA9 /* Main.storyboard */ = {
			isa = PBXVariantGroup;
			children = (
				4189959527A0429000ADEFA9 /* Base */,
			);
			name = Main.storyboard;
			sourceTree = "<group>";
		};
		4189959927A0429200ADEFA9 /* LaunchScreen.storyboard */ = {
			isa = PBXVariantGroup;
			children = (
				4189959A27A0429200ADEFA9 /* Base */,
			);
			name = LaunchScreen.storyboard;
			sourceTree = "<group>";
		};
/* End PBXVariantGroup section */

/* Begin XCBuildConfiguration section */
		418995B327A0429200ADEFA9 /* Debug */ = {
			isa = XCBuildConfiguration;
			buildSettings = {
				ALWAYS_SEARCH_USER_PATHS = NO;
				CLANG_ANALYZER_NONNULL = YES;
				CLANG_ANALYZER_NUMBER_OBJECT_CONVERSION = YES_AGGRESSIVE;
				CLANG_CXX_LANGUAGE_STANDARD = "gnu++14";
				CLANG_CXX_LIBRARY = "libc++";
				CLANG_ENABLE_MODULES = YES;
				CLANG_ENABLE_OBJC_ARC = YES;
				CLANG_ENABLE_OBJC_WEAK = YES;
				CLANG_WARN_BLOCK_CAPTURE_AUTORELEASING = YES;
				CLANG_WARN_BOOL_CONVERSION = YES;
				CLANG_WARN_COMMA = YES;
				CLANG_WARN_CONSTANT_CONVERSION = YES;
				CLANG_WARN_DEPRECATED_OBJC_IMPLEMENTATIONS = YES;
				CLANG_WARN_DIRECT_OBJC_ISA_USAGE = YES_ERROR;
				CLANG_WARN_DOCUMENTATION_COMMENTS = YES;
				CLANG_WARN_EMPTY_BODY = YES;
				CLANG_WARN_ENUM_CONVERSION = YES;
				CLANG_WARN_INFINITE_RECURSION = YES;
				CLANG_WARN_INT_CONVERSION = YES;
				CLANG_WARN_NON_LITERAL_NULL_CONVERSION = YES;
				CLANG_WARN_OBJC_IMPLICIT_RETAIN_SELF = YES;
				CLANG_WARN_OBJC_LITERAL_CONVERSION = YES;
				CLANG_WARN_OBJC_ROOT_CLASS = YES_ERROR;
				CLANG_WARN_QUOTED_INCLUDE_IN_FRAMEWORK_HEADER = YES;
				CLANG_WARN_RANGE_LOOP_ANALYSIS = YES;
				CLANG_WARN_STRICT_PROTOTYPES = YES;
				CLANG_WARN_SUSPICIOUS_MOVE = YES;
				CLANG_WARN_UNGUARDED_AVAILABILITY = YES_AGGRESSIVE;
				CLANG_WARN_UNREACHABLE_CODE = YES;
				CLANG_WARN__DUPLICATE_METHOD_MATCH = YES;
				COPY_PHASE_STRIP = NO;
				DEBUG_INFORMATION_FORMAT = dwarf;
				ENABLE_STRICT_OBJC_MSGSEND = YES;
				ENABLE_TESTABILITY = YES;
				GCC_C_LANGUAGE_STANDARD = gnu11;
				GCC_DYNAMIC_NO_PIC = NO;
				GCC_NO_COMMON_BLOCKS = YES;
				GCC_OPTIMIZATION_LEVEL = 0;
				GCC_PREPROCESSOR_DEFINITIONS = (
					"DEBUG=1",
					"$(inherited)",
				);
				GCC_WARN_64_TO_32_BIT_CONVERSION = YES;
				GCC_WARN_ABOUT_RETURN_TYPE = YES_ERROR;
				GCC_WARN_UNDECLARED_SELECTOR = YES;
				GCC_WARN_UNINITIALIZED_AUTOS = YES_AGGRESSIVE;
				GCC_WARN_UNUSED_FUNCTION = YES;
				GCC_WARN_UNUSED_VARIABLE = YES;
				IPHONEOS_DEPLOYMENT_TARGET = 14.5;
				MTL_ENABLE_DEBUG_INFO = INCLUDE_SOURCE;
				MTL_FAST_MATH = YES;
				ONLY_ACTIVE_ARCH = YES;
				SDKROOT = iphoneos;
				SWIFT_ACTIVE_COMPILATION_CONDITIONS = DEBUG;
				SWIFT_OPTIMIZATION_LEVEL = "-Onone";
			};
			name = Debug;
		};
		418995B427A0429200ADEFA9 /* Release */ = {
			isa = XCBuildConfiguration;
			buildSettings = {
				ALWAYS_SEARCH_USER_PATHS = NO;
				CLANG_ANALYZER_NONNULL = YES;
				CLANG_ANALYZER_NUMBER_OBJECT_CONVERSION = YES_AGGRESSIVE;
				CLANG_CXX_LANGUAGE_STANDARD = "gnu++14";
				CLANG_CXX_LIBRARY = "libc++";
				CLANG_ENABLE_MODULES = YES;
				CLANG_ENABLE_OBJC_ARC = YES;
				CLANG_ENABLE_OBJC_WEAK = YES;
				CLANG_WARN_BLOCK_CAPTURE_AUTORELEASING = YES;
				CLANG_WARN_BOOL_CONVERSION = YES;
				CLANG_WARN_COMMA = YES;
				CLANG_WARN_CONSTANT_CONVERSION = YES;
				CLANG_WARN_DEPRECATED_OBJC_IMPLEMENTATIONS = YES;
				CLANG_WARN_DIRECT_OBJC_ISA_USAGE = YES_ERROR;
				CLANG_WARN_DOCUMENTATION_COMMENTS = YES;
				CLANG_WARN_EMPTY_BODY = YES;
				CLANG_WARN_ENUM_CONVERSION = YES;
				CLANG_WARN_INFINITE_RECURSION = YES;
				CLANG_WARN_INT_CONVERSION = YES;
				CLANG_WARN_NON_LITERAL_NULL_CONVERSION = YES;
				CLANG_WARN_OBJC_IMPLICIT_RETAIN_SELF = YES;
				CLANG_WARN_OBJC_LITERAL_CONVERSION = YES;
				CLANG_WARN_OBJC_ROOT_CLASS = YES_ERROR;
				CLANG_WARN_QUOTED_INCLUDE_IN_FRAMEWORK_HEADER = YES;
				CLANG_WARN_RANGE_LOOP_ANALYSIS = YES;
				CLANG_WARN_STRICT_PROTOTYPES = YES;
				CLANG_WARN_SUSPICIOUS_MOVE = YES;
				CLANG_WARN_UNGUARDED_AVAILABILITY = YES_AGGRESSIVE;
				CLANG_WARN_UNREACHABLE_CODE = YES;
				CLANG_WARN__DUPLICATE_METHOD_MATCH = YES;
				COPY_PHASE_STRIP = NO;
				DEBUG_INFORMATION_FORMAT = "dwarf-with-dsym";
				ENABLE_NS_ASSERTIONS = NO;
				ENABLE_STRICT_OBJC_MSGSEND = YES;
				GCC_C_LANGUAGE_STANDARD = gnu11;
				GCC_NO_COMMON_BLOCKS = YES;
				GCC_WARN_64_TO_32_BIT_CONVERSION = YES;
				GCC_WARN_ABOUT_RETURN_TYPE = YES_ERROR;
				GCC_WARN_UNDECLARED_SELECTOR = YES;
				GCC_WARN_UNINITIALIZED_AUTOS = YES_AGGRESSIVE;
				GCC_WARN_UNUSED_FUNCTION = YES;
				GCC_WARN_UNUSED_VARIABLE = YES;
				IPHONEOS_DEPLOYMENT_TARGET = 14.5;
				MTL_ENABLE_DEBUG_INFO = NO;
				MTL_FAST_MATH = YES;
				SDKROOT = iphoneos;
				SWIFT_COMPILATION_MODE = wholemodule;
				SWIFT_OPTIMIZATION_LEVEL = "-O";
				VALIDATE_PRODUCT = YES;
			};
			name = Release;
		};
		418995B627A0429200ADEFA9 /* Debug */ = {
			isa = XCBuildConfiguration;
			buildSettings = {
				ASSETCATALOG_COMPILER_APPICON_NAME = AppIcon;
				ASSETCATALOG_COMPILER_GLOBAL_ACCENT_COLOR_NAME = AccentColor;
				CODE_SIGN_STYLE = Automatic;
				INFOPLIST_FILE = SugoDai/Info.plist;
				LD_RUNPATH_SEARCH_PATHS = (
					"$(inherited)",
					"@executable_path/Frameworks",
				);
				PRODUCT_BUNDLE_IDENTIFIER = com.litech.SugoDai;
				PRODUCT_NAME = "$(TARGET_NAME)";
				SWIFT_VERSION = 5.0;
				TARGETED_DEVICE_FAMILY = "1,2";
			};
			name = Debug;
		};
		418995B727A0429200ADEFA9 /* Release */ = {
			isa = XCBuildConfiguration;
			buildSettings = {
				ASSETCATALOG_COMPILER_APPICON_NAME = AppIcon;
				ASSETCATALOG_COMPILER_GLOBAL_ACCENT_COLOR_NAME = AccentColor;
				CODE_SIGN_STYLE = Automatic;
				INFOPLIST_FILE = SugoDai/Info.plist;
				LD_RUNPATH_SEARCH_PATHS = (
					"$(inherited)",
					"@executable_path/Frameworks",
				);
				PRODUCT_BUNDLE_IDENTIFIER = com.litech.SugoDai;
				PRODUCT_NAME = "$(TARGET_NAME)";
				SWIFT_VERSION = 5.0;
				TARGETED_DEVICE_FAMILY = "1,2";
			};
			name = Release;
		};
		418995B927A0429200ADEFA9 /* Debug */ = {
			isa = XCBuildConfiguration;
			buildSettings = {
				ALWAYS_EMBED_SWIFT_STANDARD_LIBRARIES = YES;
				BUNDLE_LOADER = "$(TEST_HOST)";
				CODE_SIGN_STYLE = Automatic;
				INFOPLIST_FILE = SugoDaiTests/Info.plist;
				IPHONEOS_DEPLOYMENT_TARGET = 14.5;
				LD_RUNPATH_SEARCH_PATHS = (
					"$(inherited)",
					"@executable_path/Frameworks",
					"@loader_path/Frameworks",
				);
				PRODUCT_BUNDLE_IDENTIFIER = com.litech.SugoDaiTests;
				PRODUCT_NAME = "$(TARGET_NAME)";
				SWIFT_VERSION = 5.0;
				TARGETED_DEVICE_FAMILY = "1,2";
				TEST_HOST = "$(BUILT_PRODUCTS_DIR)/SugoDai.app/SugoDai";
			};
			name = Debug;
		};
		418995BA27A0429200ADEFA9 /* Release */ = {
			isa = XCBuildConfiguration;
			buildSettings = {
				ALWAYS_EMBED_SWIFT_STANDARD_LIBRARIES = YES;
				BUNDLE_LOADER = "$(TEST_HOST)";
				CODE_SIGN_STYLE = Automatic;
				INFOPLIST_FILE = SugoDaiTests/Info.plist;
				IPHONEOS_DEPLOYMENT_TARGET = 14.5;
				LD_RUNPATH_SEARCH_PATHS = (
					"$(inherited)",
					"@executable_path/Frameworks",
					"@loader_path/Frameworks",
				);
				PRODUCT_BUNDLE_IDENTIFIER = com.litech.SugoDaiTests;
				PRODUCT_NAME = "$(TARGET_NAME)";
				SWIFT_VERSION = 5.0;
				TARGETED_DEVICE_FAMILY = "1,2";
				TEST_HOST = "$(BUILT_PRODUCTS_DIR)/SugoDai.app/SugoDai";
			};
			name = Release;
		};
		418995BC27A0429200ADEFA9 /* Debug */ = {
			isa = XCBuildConfiguration;
			buildSettings = {
				ALWAYS_EMBED_SWIFT_STANDARD_LIBRARIES = YES;
				CODE_SIGN_STYLE = Automatic;
				INFOPLIST_FILE = SugoDaiUITests/Info.plist;
				LD_RUNPATH_SEARCH_PATHS = (
					"$(inherited)",
					"@executable_path/Frameworks",
					"@loader_path/Frameworks",
				);
				PRODUCT_BUNDLE_IDENTIFIER = com.litech.SugoDaiUITests;
				PRODUCT_NAME = "$(TARGET_NAME)";
				SWIFT_VERSION = 5.0;
				TARGETED_DEVICE_FAMILY = "1,2";
				TEST_TARGET_NAME = SugoDai;
			};
			name = Debug;
		};
		418995BD27A0429200ADEFA9 /* Release */ = {
			isa = XCBuildConfiguration;
			buildSettings = {
				ALWAYS_EMBED_SWIFT_STANDARD_LIBRARIES = YES;
				CODE_SIGN_STYLE = Automatic;
				INFOPLIST_FILE = SugoDaiUITests/Info.plist;
				LD_RUNPATH_SEARCH_PATHS = (
					"$(inherited)",
					"@executable_path/Frameworks",
					"@loader_path/Frameworks",
				);
				PRODUCT_BUNDLE_IDENTIFIER = com.litech.SugoDaiUITests;
				PRODUCT_NAME = "$(TARGET_NAME)";
				SWIFT_VERSION = 5.0;
				TARGETED_DEVICE_FAMILY = "1,2";
				TEST_TARGET_NAME = SugoDai;
			};
			name = Release;
		};
/* End XCBuildConfiguration section */

/* Begin XCConfigurationList section */
		4189958627A0429000ADEFA9 /* Build configuration list for PBXProject "SugoDai" */ = {
			isa = XCConfigurationList;
			buildConfigurations = (
				418995B327A0429200ADEFA9 /* Debug */,
				418995B427A0429200ADEFA9 /* Release */,
			);
			defaultConfigurationIsVisible = 0;
			defaultConfigurationName = Release;
		};
		418995B527A0429200ADEFA9 /* Build configuration list for PBXNativeTarget "SugoDai" */ = {
			isa = XCConfigurationList;
			buildConfigurations = (
				418995B627A0429200ADEFA9 /* Debug */,
				418995B727A0429200ADEFA9 /* Release */,
			);
			defaultConfigurationIsVisible = 0;
			defaultConfigurationName = Release;
		};
		418995B827A0429200ADEFA9 /* Build configuration list for PBXNativeTarget "SugoDaiTests" */ = {
			isa = XCConfigurationList;
			buildConfigurations = (
				418995B927A0429200ADEFA9 /* Debug */,
				418995BA27A0429200ADEFA9 /* Release */,
			);
			defaultConfigurationIsVisible = 0;
			defaultConfigurationName = Release;
		};
		418995BB27A0429200ADEFA9 /* Build configuration list for PBXNativeTarget "SugoDaiUITests" */ = {
			isa = XCConfigurationList;
			buildConfigurations = (
				418995BC27A0429200ADEFA9 /* Debug */,
				418995BD27A0429200ADEFA9 /* Release */,
			);
			defaultConfigurationIsVisible = 0;
			defaultConfigurationName = Release;
		};
/* End XCConfigurationList section */
	};
	rootObject = 4189958327A0429000ADEFA9 /* Project object */;
}
